
Microsoft Visual Studio Solution File, Format Version 12.00
# Visual Studio Version 16
VisualStudioVersion = 16.0.29920.165
MinimumVisualStudioVersion = 10.0.40219.1
Project("{FAE04EC0-301F-11D3-BF4B-00C04F79EFBC}") = "StarWars.Repositorio", "StarWars.Repositorio\StarWars.Repositorio.csproj", "{B4DFB05B-13F5-4D32-AA8B-601EA24CB31C}"
EndProject
Project("{FAE04EC0-301F-11D3-BF4B-00C04F79EFBC}") = "StarWars.Models", "StarWars.Models\StarWars.Models.csproj", "{E529D43D-ABC7-4CCF-AE35-15BC7AF55CAA}"
EndProject
Project("{FAE04EC0-301F-11D3-BF4B-00C04F79EFBC}") = "StarWars.Api", "StarWars.Api\StarWars.Api.csproj", "{5C7BAC91-74B5-489C-A159-D670B9C73BFC}"
EndProject
Global
	GlobalSection(SolutionConfigurationPlatforms) = preSolution
		Debug|Any CPU = Debug|Any CPU
		Release|Any CPU = Release|Any CPU
	EndGlobalSection
	GlobalSection(ProjectConfigurationPlatforms) = postSolution
		{B4DFB05B-13F5-4D32-AA8B-601EA24CB31C}.Debug|Any CPU.ActiveCfg = Debug|Any CPU
		{B4DFB05B-13F5-4D32-AA8B-601EA24CB31C}.Debug|Any CPU.Build.0 = Debug|Any CPU
		{B4DFB05B-13F5-4D32-AA8B-601EA24CB31C}.Release|Any CPU.ActiveCfg = Release|Any CPU
		{B4DFB05B-13F5-4D32-AA8B-601EA24CB31C}.Release|Any CPU.Build.0 = Release|Any CPU
		{E529D43D-ABC7-4CCF-AE35-15BC7AF55CAA}.Debug|Any CPU.ActiveCfg = Debug|Any CPU
		{E529D43D-ABC7-4CCF-AE35-15BC7AF55CAA}.Debug|Any CPU.Build.0 = Debug|Any CPU
		{E529D43D-ABC7-4CCF-AE35-15BC7AF55CAA}.Release|Any CPU.ActiveCfg = Release|Any CPU
		{E529D43D-ABC7-4CCF-AE35-15BC7AF55CAA}.Release|Any CPU.Build.0 = Release|Any CPU
		{5C7BAC91-74B5-489C-A159-D670B9C73BFC}.Debug|Any CPU.ActiveCfg = Debug|Any CPU
		{5C7BAC91-74B5-489C-A159-D670B9C73BFC}.Debug|Any CPU.Build.0 = Debug|Any CPU
		{5C7BAC91-74B5-489C-A159-D670B9C73BFC}.Release|Any CPU.ActiveCfg = Release|Any CPU
		{5C7BAC91-74B5-489C-A159-D670B9C73BFC}.Release|Any CPU.Build.0 = Release|Any CPU
	EndGlobalSection
	GlobalSection(SolutionProperties) = preSolution
		HideSolutionNode = FALSE
	EndGlobalSection
	GlobalSection(ExtensibilityGlobals) = postSolution
		SolutionGuid = {C5FBF0B9-4DD4-4980-839A-67E3AD99C5EE}
	EndGlobalSection
EndGlobal
